// !$*UTF8*$!
{
	archiveVersion = 1;
	classes = {
	};
	objectVersion = 46;
	objects = {

/* Begin PBXBuildFile section */
		3F14A6A21CE70FF4006B7DC2 /* SSElementCollectionViewController.m in Sources */ = {isa = PBXBuildFile; fileRef = 3F14A6A11CE70FF4006B7DC2 /* SSElementCollectionViewController.m */; };
		3F14A6A51CE71DEE006B7DC2 /* SSElementSelectionCollectionViewController.m in Sources */ = {isa = PBXBuildFile; fileRef = 3F14A6A41CE71DEE006B7DC2 /* SSElementSelectionCollectionViewController.m */; };
		3F14A6A81CE77522006B7DC2 /* SSElementSelectViewController.m in Sources */ = {isa = PBXBuildFile; fileRef = 3F14A6A71CE77522006B7DC2 /* SSElementSelectViewController.m */; };
		3F14A6AB1CE819A8006B7DC2 /* AppDelegate+plistDatabase.m in Sources */ = {isa = PBXBuildFile; fileRef = 3F14A6AA1CE819A8006B7DC2 /* AppDelegate+plistDatabase.m */; };
		3F14A6CA1CE8228C006B7DC2 /* 白色甘油皂基.png in Resources */ = {isa = PBXBuildFile; fileRef = 3F14A6AC1CE8228C006B7DC2 /* 白色甘油皂基.png */; };
		3F14A6CB1CE8228C006B7DC2 /* 侧柏.png in Resources */ = {isa = PBXBuildFile; fileRef = 3F14A6AD1CE8228C006B7DC2 /* 侧柏.png */; };
		3F14A6CC1CE8228C006B7DC2 /* 道格拉斯冷杉.png in Resources */ = {isa = PBXBuildFile; fileRef = 3F14A6AE1CE8228C006B7DC2 /* 道格拉斯冷杉.png */; };
		3F14A6CD1CE8228C006B7DC2 /* 丁香花蕾.png in Resources */ = {isa = PBXBuildFile; fileRef = 3F14A6AF1CE8228C006B7DC2 /* 丁香花蕾.png */; };
		3F14A6CE1CE8228C006B7DC2 /* 杜松浆果.png in Resources */ = {isa = PBXBuildFile; fileRef = 3F14A6B01CE8228C006B7DC2 /* 杜松浆果.png */; };
		3F14A6CF1CE8228C006B7DC2 /* 分馏椰子油.png in Resources */ = {isa = PBXBuildFile; fileRef = 3F14A6B11CE8228C006B7DC2 /* 分馏椰子油.png */; };
		3F14A6D01CE8228C006B7DC2 /* 佛手柑.png in Resources */ = {isa = PBXBuildFile; fileRef = 3F14A6B21CE8228C006B7DC2 /* 佛手柑.png */; };
		3F14A6D11CE8228C006B7DC2 /* 桂皮.png in Resources */ = {isa = PBXBuildFile; fileRef = 3F14A6B31CE8228C006B7DC2 /* 桂皮.png */; };
		3F14A6D21CE8228C006B7DC2 /* 黑胡椒.png in Resources */ = {isa = PBXBuildFile; fileRef = 3F14A6B41CE8228C006B7DC2 /* 黑胡椒.png */; };
		3F14A6D31CE8228C006B7DC2 /* 快乐鼠尾草.png in Resources */ = {isa = PBXBuildFile; fileRef = 3F14A6B51CE8228C006B7DC2 /* 快乐鼠尾草.png */; };
		3F14A6D41CE8228C006B7DC2 /* 罗勒.png in Resources */ = {isa = PBXBuildFile; fileRef = 3F14A6B61CE8228C006B7DC2 /* 罗勒.png */; };
		3F14A6D51CE8228C006B7DC2 /* 玫瑰花粉.png in Resources */ = {isa = PBXBuildFile; fileRef = 3F14A6B71CE8228C006B7DC2 /* 玫瑰花粉.png */; };
		3F14A6D61CE8228C006B7DC2 /* 柠檬.png in Resources */ = {isa = PBXBuildFile; fileRef = 3F14A6B81CE8228C006B7DC2 /* 柠檬.png */; };
		3F14A6D71CE8228C006B7DC2 /* 肉桂皮油.png in Resources */ = {isa = PBXBuildFile; fileRef = 3F14A6B91CE8228C006B7DC2 /* 肉桂皮油.png */; };
		3F14A6D81CE8228C006B7DC2 /* 乳香油.png in Resources */ = {isa = PBXBuildFile; fileRef = 3F14A6BA1CE8228C006B7DC2 /* 乳香油.png */; };
		3F14A6D91CE8228C006B7DC2 /* 生姜油.png in Resources */ = {isa = PBXBuildFile; fileRef = 3F14A6BB1CE8228C006B7DC2 /* 生姜油.png */; };
		3F14A6DA1CE8228C006B7DC2 /* 丝柏.png in Resources */ = {isa = PBXBuildFile; fileRef = 3F14A6BC1CE8228C006B7DC2 /* 丝柏.png */; };
		3F14A6DB1CE8228C006B7DC2 /* 天竺葵油.png in Resources */ = {isa = PBXBuildFile; fileRef = 3F14A6BD1CE8228C006B7DC2 /* 天竺葵油.png */; };
		3F14A6DC1CE8228C006B7DC2 /* 透明甘油皂基.png in Resources */ = {isa = PBXBuildFile; fileRef = 3F14A6BE1CE8228C006B7DC2 /* 透明甘油皂基.png */; };
		3F14A6DD1CE8228C006B7DC2 /* 小豆蔻.png in Resources */ = {isa = PBXBuildFile; fileRef = 3F14A6BF1CE8228C006B7DC2 /* 小豆蔻.png */; };
		3F14A6DE1CE8228C006B7DC2 /* 小茴香.png in Resources */ = {isa = PBXBuildFile; fileRef = 3F14A6C01CE8228C006B7DC2 /* 小茴香.png */; };
		3F14A6DF1CE8228C006B7DC2 /* 雪松.png in Resources */ = {isa = PBXBuildFile; fileRef = 3F14A6C11CE8228C006B7DC2 /* 雪松.png */; };
		3F14A6E01CE8228C006B7DC2 /* 薰衣草.png in Resources */ = {isa = PBXBuildFile; fileRef = 3F14A6C21CE8228C006B7DC2 /* 薰衣草.png */; };
		3F14A6E11CE8228C006B7DC2 /* 芫荽叶.png in Resources */ = {isa = PBXBuildFile; fileRef = 3F14A6C31CE8228C006B7DC2 /* 芫荽叶.png */; };
		3F14A6E21CE8228C006B7DC2 /* 芫荽油.png in Resources */ = {isa = PBXBuildFile; fileRef = 3F14A6C41CE8228C006B7DC2 /* 芫荽油.png */; };
		3F14A6E31CE8228C006B7DC2 /* 依兰.png in Resources */ = {isa = PBXBuildFile; fileRef = 3F14A6C51CE8228C006B7DC2 /* 依兰.png */; };
		3F14A6E41CE8228C006B7DC2 /* 永久花.png in Resources */ = {isa = PBXBuildFile; fileRef = 3F14A6C61CE8228C006B7DC2 /* 永久花.png */; };
		3F14A6E51CE8228C006B7DC2 /* 尤加利树.png in Resources */ = {isa = PBXBuildFile; fileRef = 3F14A6C71CE8228C006B7DC2 /* 尤加利树.png */; };
		3F14A6E61CE8228C006B7DC2 /* 柚皮油.png in Resources */ = {isa = PBXBuildFile; fileRef = 3F14A6C81CE8228C006B7DC2 /* 柚皮油.png */; };
		3F14A6E71CE8228C006B7DC2 /* 紫色珠光粉.png in Resources */ = {isa = PBXBuildFile; fileRef = 3F14A6C91CE8228C006B7DC2 /* 紫色珠光粉.png */; };
		3F14A6ED1CE8B17C006B7DC2 /* SSElementAddViewController.m in Sources */ = {isa = PBXBuildFile; fileRef = 3F14A6EC1CE8B17C006B7DC2 /* SSElementAddViewController.m */; };
		3F14A6EF1CE9672F006B7DC2 /* flash.jpg in Resources */ = {isa = PBXBuildFile; fileRef = 3F14A6EE1CE9672F006B7DC2 /* flash.jpg */; };
		3F14A6F91CE97310006B7DC2 /* SSAboutViewController.m in Sources */ = {isa = PBXBuildFile; fileRef = 3F14A6F81CE97310006B7DC2 /* SSAboutViewController.m */; };
		3F14A6FB1CE97A70006B7DC2 /* contact.png in Resources */ = {isa = PBXBuildFile; fileRef = 3F14A6FA1CE97A70006B7DC2 /* contact.png */; };
		3F14A6FD1CE9895D006B7DC2 /* about.html in Resources */ = {isa = PBXBuildFile; fileRef = 3F14A6FC1CE9895D006B7DC2 /* about.html */; };
		3F14A7001CEA9658006B7DC2 /* no.png in Resources */ = {isa = PBXBuildFile; fileRef = 3F14A6FE1CEA9658006B7DC2 /* no.png */; };
		3F14A7011CEA9658006B7DC2 /* yes.png in Resources */ = {isa = PBXBuildFile; fileRef = 3F14A6FF1CEA9658006B7DC2 /* yes.png */; };
		3F14A7031CEA9ABB006B7DC2 /* product.png in Resources */ = {isa = PBXBuildFile; fileRef = 3F14A7021CEA9ABB006B7DC2 /* product.png */; };
		3F14A7051CEA9FA9006B7DC2 /* product2929.png in Resources */ = {isa = PBXBuildFile; fileRef = 3F14A7041CEA9FA9006B7DC2 /* product2929.png */; };
		3F1D17161CE6A98C00E02492 /* main.m in Sources */ = {isa = PBXBuildFile; fileRef = 3F1D17151CE6A98C00E02492 /* main.m */; };
		3F1D17191CE6A98C00E02492 /* AppDelegate.m in Sources */ = {isa = PBXBuildFile; fileRef = 3F1D17181CE6A98C00E02492 /* AppDelegate.m */; };
		3F1D171F1CE6A98C00E02492 /* Main.storyboard in Resources */ = {isa = PBXBuildFile; fileRef = 3F1D171D1CE6A98C00E02492 /* Main.storyboard */; };
		3F1D17211CE6A98C00E02492 /* Assets.xcassets in Resources */ = {isa = PBXBuildFile; fileRef = 3F1D17201CE6A98C00E02492 /* Assets.xcassets */; };
		3F1D17241CE6A98C00E02492 /* LaunchScreen.storyboard in Resources */ = {isa = PBXBuildFile; fileRef = 3F1D17221CE6A98C00E02492 /* LaunchScreen.storyboard */; };
		3F1D172F1CE6A98C00E02492 /* JingyouFeiZhaoTests.m in Sources */ = {isa = PBXBuildFile; fileRef = 3F1D172E1CE6A98C00E02492 /* JingyouFeiZhaoTests.m */; };
		3F1D173A1CE6A98C00E02492 /* JingyouFeiZhaoUITests.m in Sources */ = {isa = PBXBuildFile; fileRef = 3F1D17391CE6A98C00E02492 /* JingyouFeiZhaoUITests.m */; };
		3F1D17481CE6AA2100E02492 /* elements.plist in Resources */ = {isa = PBXBuildFile; fileRef = 3F1D17471CE6AA2100E02492 /* elements.plist */; };
		3F1D174B1CE6B01E00E02492 /* SSProductTableViewController.m in Sources */ = {isa = PBXBuildFile; fileRef = 3F1D174A1CE6B01E00E02492 /* SSProductTableViewController.m */; };
		3F1D174E1CE6B05500E02492 /* SSProduct.m in Sources */ = {isa = PBXBuildFile; fileRef = 3F1D174D1CE6B05500E02492 /* SSProduct.m */; };
		3F1D17511CE6B1CC00E02492 /* SSElement.m in Sources */ = {isa = PBXBuildFile; fileRef = 3F1D17501CE6B1CC00E02492 /* SSElement.m */; };
		3F3832471CEF44F000568285 /* start.png in Resources */ = {isa = PBXBuildFile; fileRef = 3F3832461CEF44F000568285 /* start.png */; };
		3F3832491CEF459E00568285 /* background.JPG in Resources */ = {isa = PBXBuildFile; fileRef = 3F3832481CEF459E00568285 /* background.JPG */; };
		3F38324C1CEF4AF300568285 /* SSWelcomeViewController.m in Sources */ = {isa = PBXBuildFile; fileRef = 3F38324B1CEF4AF300568285 /* SSWelcomeViewController.m */; };
		3F38324E1CEF4FD600568285 /* tabbarItem.png in Resources */ = {isa = PBXBuildFile; fileRef = 3F38324D1CEF4FD600568285 /* tabbarItem.png */; };
		3F3ED8501CECA7A100E7168F /* SSQRCode.m in Sources */ = {isa = PBXBuildFile; fileRef = 3F3ED84F1CECA7A100E7168F /* SSQRCode.m */; };
		3F3ED8551CECB5E600E7168F /* SSQRCodeView.xib in Resources */ = {isa = PBXBuildFile; fileRef = 3F3ED8541CECB5E600E7168F /* SSQRCodeView.xib */; };
		3F3ED8581CECB76D00E7168F /* SSQRCodeView.m in Sources */ = {isa = PBXBuildFile; fileRef = 3F3ED8571CECB76D00E7168F /* SSQRCodeView.m */; };
		3F5D110B1CEE012C007DAAC4 /* SSHeaderView.xib in Resources */ = {isa = PBXBuildFile; fileRef = 3F5D110A1CEE012C007DAAC4 /* SSHeaderView.xib */; };
		3F5D110E1CEE01D9007DAAC4 /* SSHeaderView.m in Sources */ = {isa = PBXBuildFile; fileRef = 3F5D110D1CEE01D9007DAAC4 /* SSHeaderView.m */; };
		3F5D11101CEEBA7A007DAAC4 /* SSProductTableViewCell.xib in Resources */ = {isa = PBXBuildFile; fileRef = 3F5D110F1CEEBA7A007DAAC4 /* SSProductTableViewCell.xib */; };
		3F5D11131CEEBA93007DAAC4 /* SSProductTableViewCell.m in Sources */ = {isa = PBXBuildFile; fileRef = 3F5D11121CEEBA93007DAAC4 /* SSProductTableViewCell.m */; };
		3FD2A3091CEB118F00772E8E /* elements_v2.plist in Resources */ = {isa = PBXBuildFile; fileRef = 3FD2A3081CEB118F00772E8E /* elements_v2.plist */; };
		3FD2A30C1CEC00F100772E8E /* SSMakeStepsCollectionViewController.m in Sources */ = {isa = PBXBuildFile; fileRef = 3FD2A30B1CEC00F100772E8E /* SSMakeStepsCollectionViewController.m */; };
		3FD2A30E1CEC0FEF00772E8E /* sesu.png in Resources */ = {isa = PBXBuildFile; fileRef = 3FD2A30D1CEC0FEF00772E8E /* sesu.png */; };
		3FD2A3101CEC0FFE00772E8E /* zaoji.png in Resources */ = {isa = PBXBuildFile; fileRef = 3FD2A30F1CEC0FFE00772E8E /* zaoji.png */; };
		3FD2A3131CEC101000772E8E /* jichuyou.png in Resources */ = {isa = PBXBuildFile; fileRef = 3FD2A3111CEC101000772E8E /* jichuyou.png */; };
		3FD2A3141CEC101000772E8E /* other.png in Resources */ = {isa = PBXBuildFile; fileRef = 3FD2A3121CEC101000772E8E /* other.png */; };
		3FD2A3161CEC101C00772E8E /* 氢氧化钠.png in Resources */ = {isa = PBXBuildFile; fileRef = 3FD2A3151CEC101C00772E8E /* 氢氧化钠.png */; };
		3FD2A3181CEC115200772E8E /* ganzhiwu.png in Resources */ = {isa = PBXBuildFile; fileRef = 3FD2A3171CEC115200772E8E /* ganzhiwu.png */; };
		3FD2A31B1CEC456A00772E8E /* Empty.xib in Resources */ = {isa = PBXBuildFile; fileRef = 3FD2A31A1CEC456A00772E8E /* Empty.xib */; };
		3FD2A31E1CEC462300772E8E /* SSButtonBase.m in Sources */ = {isa = PBXBuildFile; fileRef = 3FD2A31D1CEC462300772E8E /* SSButtonBase.m */; };
		3FD2A3231CEC502100772E8E /* SSQRcodeReaderViewController.m in Sources */ = {isa = PBXBuildFile; fileRef = 3FD2A3221CEC502100772E8E /* SSQRcodeReaderViewController.m */; };
		3FF71BEE1CE6EA4A003886F5 /* SSProductDetailTableViewController.m in Sources */ = {isa = PBXBuildFile; fileRef = 3FF71BED1CE6EA4A003886F5 /* SSProductDetailTableViewController.m */; };
		3FF71BF01CE6F164003886F5 /* jingyou.png in Resources */ = {isa = PBXBuildFile; fileRef = 3FF71BEF1CE6F164003886F5 /* jingyou.png */; };
/* End PBXBuildFile section */

/* Begin PBXContainerItemProxy section */
		3F1D172B1CE6A98C00E02492 /* PBXContainerItemProxy */ = {
			isa = PBXContainerItemProxy;
			containerPortal = 3F1D17091CE6A98C00E02492 /* Project object */;
			proxyType = 1;
			remoteGlobalIDString = 3F1D17101CE6A98C00E02492;
			remoteInfo = JingyouFeiZhao;
		};
		3F1D17361CE6A98C00E02492 /* PBXContainerItemProxy */ = {
			isa = PBXContainerItemProxy;
			containerPortal = 3F1D17091CE6A98C00E02492 /* Project object */;
			proxyType = 1;
			remoteGlobalIDString = 3F1D17101CE6A98C00E02492;
			remoteInfo = JingyouFeiZhao;
		};
/* End PBXContainerItemProxy section */

/* Begin PBXFileReference section */
		3F14A6A01CE70FF4006B7DC2 /* SSElementCollectionViewController.h */ = {isa = PBXFileReference; fileEncoding = 4; lastKnownFileType = sourcecode.c.h; path = SSElementCollectionViewController.h; sourceTree = "<group>"; };
		3F14A6A11CE70FF4006B7DC2 /* SSElementCollectionViewController.m */ = {isa = PBXFileReference; fileEncoding = 4; lastKnownFileType = sourcecode.c.objc; path = SSElementCollectionViewController.m; sourceTree = "<group>"; };
		3F14A6A31CE71DEE006B7DC2 /* SSElementSelectionCollectionViewController.h */ = {isa = PBXFileReference; fileEncoding = 4; lastKnownFileType = sourcecode.c.h; path = SSElementSelectionCollectionViewController.h; sourceTree = "<group>"; };
		3F14A6A41CE71DEE006B7DC2 /* SSElementSelectionCollectionViewController.m */ = {isa = PBXFileReference; fileEncoding = 4; lastKnownFileType = sourcecode.c.objc; path = SSElementSelectionCollectionViewController.m; sourceTree = "<group>"; };
		3F14A6A61CE77522006B7DC2 /* SSElementSelectViewController.h */ = {isa = PBXFileReference; fileEncoding = 4; lastKnownFileType = sourcecode.c.h; path = SSElementSelectViewController.h; sourceTree = "<group>"; };
		3F14A6A71CE77522006B7DC2 /* SSElementSelectViewController.m */ = {isa = PBXFileReference; fileEncoding = 4; lastKnownFileType = sourcecode.c.objc; path = SSElementSelectViewController.m; sourceTree = "<group>"; };
		3F14A6A91CE819A8006B7DC2 /* AppDelegate+plistDatabase.h */ = {isa = PBXFileReference; fileEncoding = 4; lastKnownFileType = sourcecode.c.h; path = "AppDelegate+plistDatabase.h"; sourceTree = "<group>"; };
		3F14A6AA1CE819A8006B7DC2 /* AppDelegate+plistDatabase.m */ = {isa = PBXFileReference; fileEncoding = 4; lastKnownFileType = sourcecode.c.objc; path = "AppDelegate+plistDatabase.m"; sourceTree = "<group>"; };
		3F14A6AC1CE8228C006B7DC2 /* 白色甘油皂基.png */ = {isa = PBXFileReference; lastKnownFileType = image.png; path = "白色甘油皂基.png"; sourceTree = "<group>"; };
		3F14A6AD1CE8228C006B7DC2 /* 侧柏.png */ = {isa = PBXFileReference; lastKnownFileType = image.png; path = "侧柏.png"; sourceTree = "<group>"; };
		3F14A6AE1CE8228C006B7DC2 /* 道格拉斯冷杉.png */ = {isa = PBXFileReference; lastKnownFileType = image.png; path = "道格拉斯冷杉.png"; sourceTree = "<group>"; };
		3F14A6AF1CE8228C006B7DC2 /* 丁香花蕾.png */ = {isa = PBXFileReference; lastKnownFileType = image.png; path = "丁香花蕾.png"; sourceTree = "<group>"; };
		3F14A6B01CE8228C006B7DC2 /* 杜松浆果.png */ = {isa = PBXFileReference; lastKnownFileType = image.png; path = "杜松浆果.png"; sourceTree = "<group>"; };
		3F14A6B11CE8228C006B7DC2 /* 分馏椰子油.png */ = {isa = PBXFileReference; lastKnownFileType = image.png; path = "分馏椰子油.png"; sourceTree = "<group>"; };
		3F14A6B21CE8228C006B7DC2 /* 佛手柑.png */ = {isa = PBXFileReference; lastKnownFileType = image.png; path = "佛手柑.png"; sourceTree = "<group>"; };
		3F14A6B31CE8228C006B7DC2 /* 桂皮.png */ = {isa = PBXFileReference; lastKnownFileType = image.png; path = "桂皮.png"; sourceTree = "<group>"; };
		3F14A6B41CE8228C006B7DC2 /* 黑胡椒.png */ = {isa = PBXFileReference; lastKnownFileType = image.png; path = "黑胡椒.png"; sourceTree = "<group>"; };
		3F14A6B51CE8228C006B7DC2 /* 快乐鼠尾草.png */ = {isa = PBXFileReference; lastKnownFileType = image.png; path = "快乐鼠尾草.png"; sourceTree = "<group>"; };
		3F14A6B61CE8228C006B7DC2 /* 罗勒.png */ = {isa = PBXFileReference; lastKnownFileType = image.png; path = "罗勒.png"; sourceTree = "<group>"; };
		3F14A6B71CE8228C006B7DC2 /* 玫瑰花粉.png */ = {isa = PBXFileReference; lastKnownFileType = image.png; path = "玫瑰花粉.png"; sourceTree = "<group>"; };
		3F14A6B81CE8228C006B7DC2 /* 柠檬.png */ = {isa = PBXFileReference; lastKnownFileType = image.png; path = "柠檬.png"; sourceTree = "<group>"; };
		3F14A6B91CE8228C006B7DC2 /* 肉桂皮油.png */ = {isa = PBXFileReference; lastKnownFileType = image.png; path = "肉桂皮油.png"; sourceTree = "<group>"; };
		3F14A6BA1CE8228C006B7DC2 /* 乳香油.png */ = {isa = PBXFileReference; lastKnownFileType = image.png; path = "乳香油.png"; sourceTree = "<group>"; };
		3F14A6BB1CE8228C006B7DC2 /* 生姜油.png */ = {isa = PBXFileReference; lastKnownFileType = image.png; path = "生姜油.png"; sourceTree = "<group>"; };
		3F14A6BC1CE8228C006B7DC2 /* 丝柏.png */ = {isa = PBXFileReference; lastKnownFileType = image.png; path = "丝柏.png"; sourceTree = "<group>"; };
		3F14A6BD1CE8228C006B7DC2 /* 天竺葵油.png */ = {isa = PBXFileReference; lastKnownFileType = image.png; path = "天竺葵油.png"; sourceTree = "<group>"; };
		3F14A6BE1CE8228C006B7DC2 /* 透明甘油皂基.png */ = {isa = PBXFileReference; lastKnownFileType = image.png; path = "透明甘油皂基.png"; sourceTree = "<group>"; };
		3F14A6BF1CE8228C006B7DC2 /* 小豆蔻.png */ = {isa = PBXFileReference; lastKnownFileType = image.png; path = "小豆蔻.png"; sourceTree = "<group>"; };
		3F14A6C01CE8228C006B7DC2 /* 小茴香.png */ = {isa = PBXFileReference; lastKnownFileType = image.png; path = "小茴香.png"; sourceTree = "<group>"; };
		3F14A6C11CE8228C006B7DC2 /* 雪松.png */ = {isa = PBXFileReference; lastKnownFileType = image.png; path = "雪松.png"; sourceTree = "<group>"; };
		3F14A6C21CE8228C006B7DC2 /* 薰衣草.png */ = {isa = PBXFileReference; lastKnownFileType = image.png; path = "薰衣草.png"; sourceTree = "<group>"; };
		3F14A6C31CE8228C006B7DC2 /* 芫荽叶.png */ = {isa = PBXFileReference; lastKnownFileType = image.png; path = "芫荽叶.png"; sourceTree = "<group>"; };
		3F14A6C41CE8228C006B7DC2 /* 芫荽油.png */ = {isa = PBXFileReference; lastKnownFileType = image.png; path = "芫荽油.png"; sourceTree = "<group>"; };
		3F14A6C51CE8228C006B7DC2 /* 依兰.png */ = {isa = PBXFileReference; lastKnownFileType = image.png; path = "依兰.png"; sourceTree = "<group>"; };
		3F14A6C61CE8228C006B7DC2 /* 永久花.png */ = {isa = PBXFileReference; lastKnownFileType = image.png; path = "永久花.png"; sourceTree = "<group>"; };
		3F14A6C71CE8228C006B7DC2 /* 尤加利树.png */ = {isa = PBXFileReference; lastKnownFileType = image.png; path = "尤加利树.png"; sourceTree = "<group>"; };
		3F14A6C81CE8228C006B7DC2 /* 柚皮油.png */ = {isa = PBXFileReference; lastKnownFileType = image.png; path = "柚皮油.png"; sourceTree = "<group>"; };
		3F14A6C91CE8228C006B7DC2 /* 紫色珠光粉.png */ = {isa = PBXFileReference; lastKnownFileType = image.png; path = "紫色珠光粉.png"; sourceTree = "<group>"; };
		3F14A6EB1CE8B17C006B7DC2 /* SSElementAddViewController.h */ = {isa = PBXFileReference; fileEncoding = 4; lastKnownFileType = sourcecode.c.h; path = SSElementAddViewController.h; sourceTree = "<group>"; };
		3F14A6EC1CE8B17C006B7DC2 /* SSElementAddViewController.m */ = {isa = PBXFileReference; fileEncoding = 4; lastKnownFileType = sourcecode.c.objc; path = SSElementAddViewController.m; sourceTree = "<group>"; };
		3F14A6EE1CE9672F006B7DC2 /* flash.jpg */ = {isa = PBXFileReference; lastKnownFileType = image.jpeg; path = flash.jpg; sourceTree = "<group>"; };
		3F14A6F71CE97310006B7DC2 /* SSAboutViewController.h */ = {isa = PBXFileReference; fileEncoding = 4; lastKnownFileType = sourcecode.c.h; path = SSAboutViewController.h; sourceTree = "<group>"; };
		3F14A6F81CE97310006B7DC2 /* SSAboutViewController.m */ = {isa = PBXFileReference; fileEncoding = 4; lastKnownFileType = sourcecode.c.objc; path = SSAboutViewController.m; sourceTree = "<group>"; };
		3F14A6FA1CE97A70006B7DC2 /* contact.png */ = {isa = PBXFileReference; lastKnownFileType = image.png; path = contact.png; sourceTree = "<group>"; };
		3F14A6FC1CE9895D006B7DC2 /* about.html */ = {isa = PBXFileReference; fileEncoding = 4; lastKnownFileType = text.html; path = about.html; sourceTree = "<group>"; };
		3F14A6FE1CEA9658006B7DC2 /* no.png */ = {isa = PBXFileReference; lastKnownFileType = image.png; path = no.png; sourceTree = "<group>"; };
		3F14A6FF1CEA9658006B7DC2 /* yes.png */ = {isa = PBXFileReference; lastKnownFileType = image.png; path = yes.png; sourceTree = "<group>"; };
		3F14A7021CEA9ABB006B7DC2 /* product.png */ = {isa = PBXFileReference; lastKnownFileType = image.png; path = product.png; sourceTree = "<group>"; };
		3F14A7041CEA9FA9006B7DC2 /* product2929.png */ = {isa = PBXFileReference; lastKnownFileType = image.png; path = product2929.png; sourceTree = "<group>"; };
		3F1D17111CE6A98C00E02492 /* JingyouFeiZhao.app */ = {isa = PBXFileReference; explicitFileType = wrapper.application; includeInIndex = 0; path = JingyouFeiZhao.app; sourceTree = BUILT_PRODUCTS_DIR; };
		3F1D17151CE6A98C00E02492 /* main.m */ = {isa = PBXFileReference; lastKnownFileType = sourcecode.c.objc; path = main.m; sourceTree = "<group>"; };
		3F1D17171CE6A98C00E02492 /* AppDelegate.h */ = {isa = PBXFileReference; lastKnownFileType = sourcecode.c.h; path = AppDelegate.h; sourceTree = "<group>"; };
		3F1D17181CE6A98C00E02492 /* AppDelegate.m */ = {isa = PBXFileReference; lastKnownFileType = sourcecode.c.objc; path = AppDelegate.m; sourceTree = "<group>"; };
		3F1D171E1CE6A98C00E02492 /* Base */ = {isa = PBXFileReference; lastKnownFileType = file.storyboard; name = Base; path = Base.lproj/Main.storyboard; sourceTree = "<group>"; };
		3F1D17201CE6A98C00E02492 /* Assets.xcassets */ = {isa = PBXFileReference; lastKnownFileType = folder.assetcatalog; path = Assets.xcassets; sourceTree = "<group>"; };
		3F1D17231CE6A98C00E02492 /* Base */ = {isa = PBXFileReference; lastKnownFileType = file.storyboard; name = Base; path = Base.lproj/LaunchScreen.storyboard; sourceTree = "<group>"; };
		3F1D17251CE6A98C00E02492 /* Info.plist */ = {isa = PBXFileReference; lastKnownFileType = text.plist.xml; path = Info.plist; sourceTree = "<group>"; };
		3F1D172A1CE6A98C00E02492 /* JingyouFeiZhaoTests.xctest */ = {isa = PBXFileReference; explicitFileType = wrapper.cfbundle; includeInIndex = 0; path = JingyouFeiZhaoTests.xctest; sourceTree = BUILT_PRODUCTS_DIR; };
		3F1D172E1CE6A98C00E02492 /* JingyouFeiZhaoTests.m */ = {isa = PBXFileReference; lastKnownFileType = sourcecode.c.objc; path = JingyouFeiZhaoTests.m; sourceTree = "<group>"; };
		3F1D17301CE6A98C00E02492 /* Info.plist */ = {isa = PBXFileReference; lastKnownFileType = text.plist.xml; path = Info.plist; sourceTree = "<group>"; };
		3F1D17351CE6A98C00E02492 /* JingyouFeiZhaoUITests.xctest */ = {isa = PBXFileReference; explicitFileType = wrapper.cfbundle; includeInIndex = 0; path = JingyouFeiZhaoUITests.xctest; sourceTree = BUILT_PRODUCTS_DIR; };
		3F1D17391CE6A98C00E02492 /* JingyouFeiZhaoUITests.m */ = {isa = PBXFileReference; lastKnownFileType = sourcecode.c.objc; path = JingyouFeiZhaoUITests.m; sourceTree = "<group>"; };
		3F1D173B1CE6A98C00E02492 /* Info.plist */ = {isa = PBXFileReference; lastKnownFileType = text.plist.xml; path = Info.plist; sourceTree = "<group>"; };
		3F1D17471CE6AA2100E02492 /* elements.plist */ = {isa = PBXFileReference; fileEncoding = 4; lastKnownFileType = text.plist.xml; path = elements.plist; sourceTree = "<group>"; };
		3F1D17491CE6B01E00E02492 /* SSProductTableViewController.h */ = {isa = PBXFileReference; fileEncoding = 4; lastKnownFileType = sourcecode.c.h; path = SSProductTableViewController.h; sourceTree = "<group>"; };
		3F1D174A1CE6B01E00E02492 /* SSProductTableViewController.m */ = {isa = PBXFileReference; fileEncoding = 4; lastKnownFileType = sourcecode.c.objc; path = SSProductTableViewController.m; sourceTree = "<group>"; };
		3F1D174C1CE6B05500E02492 /* SSProduct.h */ = {isa = PBXFileReference; fileEncoding = 4; lastKnownFileType = sourcecode.c.h; path = SSProduct.h; sourceTree = "<group>"; };
		3F1D174D1CE6B05500E02492 /* SSProduct.m */ = {isa = PBXFileReference; fileEncoding = 4; lastKnownFileType = sourcecode.c.objc; path = SSProduct.m; sourceTree = "<group>"; };
		3F1D174F1CE6B1CC00E02492 /* SSElement.h */ = {isa = PBXFileReference; fileEncoding = 4; lastKnownFileType = sourcecode.c.h; path = SSElement.h; sourceTree = "<group>"; };
		3F1D17501CE6B1CC00E02492 /* SSElement.m */ = {isa = PBXFileReference; fileEncoding = 4; lastKnownFileType = sourcecode.c.objc; path = SSElement.m; sourceTree = "<group>"; };
		3F3832461CEF44F000568285 /* start.png */ = {isa = PBXFileReference; lastKnownFileType = image.png; path = start.png; sourceTree = "<group>"; };
		3F3832481CEF459E00568285 /* background.JPG */ = {isa = PBXFileReference; lastKnownFileType = image.jpeg; path = background.JPG; sourceTree = "<group>"; };
		3F38324A1CEF4AF300568285 /* SSWelcomeViewController.h */ = {isa = PBXFileReference; fileEncoding = 4; lastKnownFileType = sourcecode.c.h; path = SSWelcomeViewController.h; sourceTree = "<group>"; };
		3F38324B1CEF4AF300568285 /* SSWelcomeViewController.m */ = {isa = PBXFileReference; fileEncoding = 4; lastKnownFileType = sourcecode.c.objc; path = SSWelcomeViewController.m; sourceTree = "<group>"; };
		3F38324D1CEF4FD600568285 /* tabbarItem.png */ = {isa = PBXFileReference; lastKnownFileType = image.png; path = tabbarItem.png; sourceTree = "<group>"; };
		3F3ED84E1CECA7A100E7168F /* SSQRCode.h */ = {isa = PBXFileReference; fileEncoding = 4; lastKnownFileType = sourcecode.c.h; path = SSQRCode.h; sourceTree = "<group>"; };
		3F3ED84F1CECA7A100E7168F /* SSQRCode.m */ = {isa = PBXFileReference; fileEncoding = 4; lastKnownFileType = sourcecode.c.objc; path = SSQRCode.m; sourceTree = "<group>"; };
		3F3ED8541CECB5E600E7168F /* SSQRCodeView.xib */ = {isa = PBXFileReference; fileEncoding = 4; lastKnownFileType = file.xib; name = SSQRCodeView.xib; path = views/SSQRCodeView.xib; sourceTree = "<group>"; };
		3F3ED8561CECB76D00E7168F /* SSQRCodeView.h */ = {isa = PBXFileReference; fileEncoding = 4; lastKnownFileType = sourcecode.c.h; name = SSQRCodeView.h; path = views/SSQRCodeView.h; sourceTree = "<group>"; };
		3F3ED8571CECB76D00E7168F /* SSQRCodeView.m */ = {isa = PBXFileReference; fileEncoding = 4; lastKnownFileType = sourcecode.c.objc; name = SSQRCodeView.m; path = views/SSQRCodeView.m; sourceTree = "<group>"; };
		3F5D11091CED9FB8007DAAC4 /* SSConstants.h */ = {isa = PBXFileReference; lastKnownFileType = sourcecode.c.h; path = SSConstants.h; sourceTree = "<group>"; };
		3F5D110A1CEE012C007DAAC4 /* SSHeaderView.xib */ = {isa = PBXFileReference; fileEncoding = 4; lastKnownFileType = file.xib; path = SSHeaderView.xib; sourceTree = "<group>"; };
		3F5D110C1CEE01D9007DAAC4 /* SSHeaderView.h */ = {isa = PBXFileReference; fileEncoding = 4; lastKnownFileType = sourcecode.c.h; path = SSHeaderView.h; sourceTree = "<group>"; };
		3F5D110D1CEE01D9007DAAC4 /* SSHeaderView.m */ = {isa = PBXFileReference; fileEncoding = 4; lastKnownFileType = sourcecode.c.objc; path = SSHeaderView.m; sourceTree = "<group>"; };
		3F5D110F1CEEBA7A007DAAC4 /* SSProductTableViewCell.xib */ = {isa = PBXFileReference; fileEncoding = 4; lastKnownFileType = file.xib; path = SSProductTableViewCell.xib; sourceTree = "<group>"; };
		3F5D11111CEEBA93007DAAC4 /* SSProductTableViewCell.h */ = {isa = PBXFileReference; fileEncoding = 4; lastKnownFileType = sourcecode.c.h; path = SSProductTableViewCell.h; sourceTree = "<group>"; };
		3F5D11121CEEBA93007DAAC4 /* SSProductTableViewCell.m */ = {isa = PBXFileReference; fileEncoding = 4; lastKnownFileType = sourcecode.c.objc; path = SSProductTableViewCell.m; sourceTree = "<group>"; };
		3FD2A3081CEB118F00772E8E /* elements_v2.plist */ = {isa = PBXFileReference; fileEncoding = 4; lastKnownFileType = text.plist.xml; path = elements_v2.plist; sourceTree = "<group>"; };
		3FD2A30A1CEC00F100772E8E /* SSMakeStepsCollectionViewController.h */ = {isa = PBXFileReference; fileEncoding = 4; lastKnownFileType = sourcecode.c.h; path = SSMakeStepsCollectionViewController.h; sourceTree = "<group>"; };
		3FD2A30B1CEC00F100772E8E /* SSMakeStepsCollectionViewController.m */ = {isa = PBXFileReference; fileEncoding = 4; lastKnownFileType = sourcecode.c.objc; path = SSMakeStepsCollectionViewController.m; sourceTree = "<group>"; };
		3FD2A30D1CEC0FEF00772E8E /* sesu.png */ = {isa = PBXFileReference; lastKnownFileType = image.png; path = sesu.png; sourceTree = "<group>"; };
		3FD2A30F1CEC0FFE00772E8E /* zaoji.png */ = {isa = PBXFileReference; lastKnownFileType = image.png; path = zaoji.png; sourceTree = "<group>"; };
		3FD2A3111CEC101000772E8E /* jichuyou.png */ = {isa = PBXFileReference; lastKnownFileType = image.png; path = jichuyou.png; sourceTree = "<group>"; };
		3FD2A3121CEC101000772E8E /* other.png */ = {isa = PBXFileReference; lastKnownFileType = image.png; path = other.png; sourceTree = "<group>"; };
		3FD2A3151CEC101C00772E8E /* 氢氧化钠.png */ = {isa = PBXFileReference; lastKnownFileType = image.png; path = "氢氧化钠.png"; sourceTree = "<group>"; };
		3FD2A3171CEC115200772E8E /* ganzhiwu.png */ = {isa = PBXFileReference; lastKnownFileType = image.png; path = ganzhiwu.png; sourceTree = "<group>"; };
		3FD2A31A1CEC456A00772E8E /* Empty.xib */ = {isa = PBXFileReference; fileEncoding = 4; lastKnownFileType = file.xib; name = Empty.xib; path = views/Empty.xib; sourceTree = "<group>"; };
		3FD2A31C1CEC462300772E8E /* SSButtonBase.h */ = {isa = PBXFileReference; fileEncoding = 4; lastKnownFileType = sourcecode.c.h; name = SSButtonBase.h; path = views/SSButtonBase.h; sourceTree = "<group>"; };
		3FD2A31D1CEC462300772E8E /* SSButtonBase.m */ = {isa = PBXFileReference; fileEncoding = 4; lastKnownFileType = sourcecode.c.objc; name = SSButtonBase.m; path = views/SSButtonBase.m; sourceTree = "<group>"; };
		3FD2A3211CEC502100772E8E /* SSQRcodeReaderViewController.h */ = {isa = PBXFileReference; fileEncoding = 4; lastKnownFileType = sourcecode.c.h; path = SSQRcodeReaderViewController.h; sourceTree = "<group>"; };
		3FD2A3221CEC502100772E8E /* SSQRcodeReaderViewController.m */ = {isa = PBXFileReference; fileEncoding = 4; lastKnownFileType = sourcecode.c.objc; path = SSQRcodeReaderViewController.m; sourceTree = "<group>"; };
		3FF71BEC1CE6EA4A003886F5 /* SSProductDetailTableViewController.h */ = {isa = PBXFileReference; fileEncoding = 4; lastKnownFileType = sourcecode.c.h; path = SSProductDetailTableViewController.h; sourceTree = "<group>"; };
		3FF71BED1CE6EA4A003886F5 /* SSProductDetailTableViewController.m */ = {isa = PBXFileReference; fileEncoding = 4; lastKnownFileType = sourcecode.c.objc; path = SSProductDetailTableViewController.m; sourceTree = "<group>"; };
		3FF71BEF1CE6F164003886F5 /* jingyou.png */ = {isa = PBXFileReference; lastKnownFileType = image.png; path = jingyou.png; sourceTree = "<group>"; };
/* End PBXFileReference section */

/* Begin PBXFrameworksBuildPhase section */
		3F1D170E1CE6A98C00E02492 /* Frameworks */ = {
			isa = PBXFrameworksBuildPhase;
			buildActionMask = 2147483647;
			files = (
			);
			runOnlyForDeploymentPostprocessing = 0;
		};
		3F1D17271CE6A98C00E02492 /* Frameworks */ = {
			isa = PBXFrameworksBuildPhase;
			buildActionMask = 2147483647;
			files = (
			);
			runOnlyForDeploymentPostprocessing = 0;
		};
		3F1D17321CE6A98C00E02492 /* Frameworks */ = {
			isa = PBXFrameworksBuildPhase;
			buildActionMask = 2147483647;
			files = (
			);
			runOnlyForDeploymentPostprocessing = 0;
		};
/* End PBXFrameworksBuildPhase section */

/* Begin PBXGroup section */
		3F14A6E81CE8702F006B7DC2 /* Model */ = {
			isa = PBXGroup;
			children = (
				3F1D174C1CE6B05500E02492 /* SSProduct.h */,
				3F1D174F1CE6B1CC00E02492 /* SSElement.h */,
				3F1D17501CE6B1CC00E02492 /* SSElement.m */,
				3F1D174D1CE6B05500E02492 /* SSProduct.m */,
			);
			name = Model;
			sourceTree = "<group>";
		};
		3F14A6E91CE8703E006B7DC2 /* Controllers */ = {
			isa = PBXGroup;
			children = (
				3F38324A1CEF4AF300568285 /* SSWelcomeViewController.h */,
				3F38324B1CEF4AF300568285 /* SSWelcomeViewController.m */,
				3FD2A3211CEC502100772E8E /* SSQRcodeReaderViewController.h */,
				3FD2A3221CEC502100772E8E /* SSQRcodeReaderViewController.m */,
				3FD2A30A1CEC00F100772E8E /* SSMakeStepsCollectionViewController.h */,
				3FD2A30B1CEC00F100772E8E /* SSMakeStepsCollectionViewController.m */,
				3F14A6F71CE97310006B7DC2 /* SSAboutViewController.h */,
				3F14A6F81CE97310006B7DC2 /* SSAboutViewController.m */,
				3F14A6EB1CE8B17C006B7DC2 /* SSElementAddViewController.h */,
				3F14A6EC1CE8B17C006B7DC2 /* SSElementAddViewController.m */,
				3F1D17171CE6A98C00E02492 /* AppDelegate.h */,
				3F1D17181CE6A98C00E02492 /* AppDelegate.m */,
				3F14A6A91CE819A8006B7DC2 /* AppDelegate+plistDatabase.h */,
				3F14A6AA1CE819A8006B7DC2 /* AppDelegate+plistDatabase.m */,
				3F14A6A01CE70FF4006B7DC2 /* SSElementCollectionViewController.h */,
				3F14A6A11CE70FF4006B7DC2 /* SSElementCollectionViewController.m */,
				3F14A6A61CE77522006B7DC2 /* SSElementSelectViewController.h */,
				3F14A6A71CE77522006B7DC2 /* SSElementSelectViewController.m */,
				3F14A6A31CE71DEE006B7DC2 /* SSElementSelectionCollectionViewController.h */,
				3F14A6A41CE71DEE006B7DC2 /* SSElementSelectionCollectionViewController.m */,
				3FF71BEC1CE6EA4A003886F5 /* SSProductDetailTableViewController.h */,
				3FF71BED1CE6EA4A003886F5 /* SSProductDetailTableViewController.m */,
				3F1D17491CE6B01E00E02492 /* SSProductTableViewController.h */,
				3F1D174A1CE6B01E00E02492 /* SSProductTableViewController.m */,
			);
			name = Controllers;
			sourceTree = "<group>";
		};
		3F14A6EA1CE870FC006B7DC2 /* Resources */ = {
			isa = PBXGroup;
			children = (
				3F38324D1CEF4FD600568285 /* tabbarItem.png */,
				3F3832481CEF459E00568285 /* background.JPG */,
				3F3832461CEF44F000568285 /* start.png */,
				3F14A6FE1CEA9658006B7DC2 /* no.png */,
				3F14A6FF1CEA9658006B7DC2 /* yes.png */,
				3F14A6FC1CE9895D006B7DC2 /* about.html */,
				3F14A6FA1CE97A70006B7DC2 /* contact.png */,
				3F1D17201CE6A98C00E02492 /* Assets.xcassets */,
				3F1D17221CE6A98C00E02492 /* LaunchScreen.storyboard */,
				3F1D17251CE6A98C00E02492 /* Info.plist */,
				3F14A6EE1CE9672F006B7DC2 /* flash.jpg */,
				3F14A7041CEA9FA9006B7DC2 /* product2929.png */,
				3F1D17141CE6A98C00E02492 /* Supporting Files */,
				3F1D17471CE6AA2100E02492 /* elements.plist */,
				3FF71BF11CE6F170003886F5 /* images */,
				3F1D171D1CE6A98C00E02492 /* Main.storyboard */,
			);
			name = Resources;
			sourceTree = "<group>";
		};
		3F1D17081CE6A98C00E02492 = {
			isa = PBXGroup;
			children = (
				3F1D17131CE6A98C00E02492 /* JingyouFeiZhao */,
				3F1D172D1CE6A98C00E02492 /* JingyouFeiZhaoTests */,
				3F1D17381CE6A98C00E02492 /* JingyouFeiZhaoUITests */,
				3F1D17121CE6A98C00E02492 /* Products */,
			);
			sourceTree = "<group>";
		};
		3F1D17121CE6A98C00E02492 /* Products */ = {
			isa = PBXGroup;
			children = (
				3F1D17111CE6A98C00E02492 /* JingyouFeiZhao.app */,
				3F1D172A1CE6A98C00E02492 /* JingyouFeiZhaoTests.xctest */,
				3F1D17351CE6A98C00E02492 /* JingyouFeiZhaoUITests.xctest */,
			);
			name = Products;
			sourceTree = "<group>";
		};
		3F1D17131CE6A98C00E02492 /* JingyouFeiZhao */ = {
			isa = PBXGroup;
			children = (
				3F5D11091CED9FB8007DAAC4 /* SSConstants.h */,
				3F3ED8511CECA7A900E7168F /* Helper */,
				3FD2A3191CEC454900772E8E /* Views */,
				3F14A6EA1CE870FC006B7DC2 /* Resources */,
				3F14A6E91CE8703E006B7DC2 /* Controllers */,
				3F14A6E81CE8702F006B7DC2 /* Model */,
				3FD2A3081CEB118F00772E8E /* elements_v2.plist */,
			);
			path = JingyouFeiZhao;
			sourceTree = "<group>";
		};
		3F1D17141CE6A98C00E02492 /* Supporting Files */ = {
			isa = PBXGroup;
			children = (
				3F1D17151CE6A98C00E02492 /* main.m */,
			);
			name = "Supporting Files";
			sourceTree = "<group>";
		};
		3F1D172D1CE6A98C00E02492 /* JingyouFeiZhaoTests */ = {
			isa = PBXGroup;
			children = (
				3F1D172E1CE6A98C00E02492 /* JingyouFeiZhaoTests.m */,
				3F1D17301CE6A98C00E02492 /* Info.plist */,
			);
			path = JingyouFeiZhaoTests;
			sourceTree = "<group>";
		};
		3F1D17381CE6A98C00E02492 /* JingyouFeiZhaoUITests */ = {
			isa = PBXGroup;
			children = (
				3F1D17391CE6A98C00E02492 /* JingyouFeiZhaoUITests.m */,
				3F1D173B1CE6A98C00E02492 /* Info.plist */,
			);
			path = JingyouFeiZhaoUITests;
			sourceTree = "<group>";
		};
		3F3ED8511CECA7A900E7168F /* Helper */ = {
			isa = PBXGroup;
			children = (
				3F3ED84E1CECA7A100E7168F /* SSQRCode.h */,
				3F3ED84F1CECA7A100E7168F /* SSQRCode.m */,
			);
			name = Helper;
			sourceTree = "<group>";
		};
		3FD2A3191CEC454900772E8E /* Views */ = {
			isa = PBXGroup;
			children = (
				3F5D110F1CEEBA7A007DAAC4 /* SSProductTableViewCell.xib */,
				3F5D11111CEEBA93007DAAC4 /* SSProductTableViewCell.h */,
				3F5D11121CEEBA93007DAAC4 /* SSProductTableViewCell.m */,
				3F3ED8541CECB5E600E7168F /* SSQRCodeView.xib */,
				3F3ED8561CECB76D00E7168F /* SSQRCodeView.h */,
				3F3ED8571CECB76D00E7168F /* SSQRCodeView.m */,
				3FD2A31A1CEC456A00772E8E /* Empty.xib */,
				3FD2A31C1CEC462300772E8E /* SSButtonBase.h */,
				3FD2A31D1CEC462300772E8E /* SSButtonBase.m */,
				3F5D110A1CEE012C007DAAC4 /* SSHeaderView.xib */,
				3F5D110C1CEE01D9007DAAC4 /* SSHeaderView.h */,
				3F5D110D1CEE01D9007DAAC4 /* SSHeaderView.m */,
			);
			name = Views;
			sourceTree = "<group>";
		};
		3FF71BF11CE6F170003886F5 /* images */ = {
			isa = PBXGroup;
			children = (
				3FD2A3171CEC115200772E8E /* ganzhiwu.png */,
				3FD2A3151CEC101C00772E8E /* 氢氧化钠.png */,
				3FD2A3111CEC101000772E8E /* jichuyou.png */,
				3FD2A3121CEC101000772E8E /* other.png */,
				3FD2A30F1CEC0FFE00772E8E /* zaoji.png */,
				3FD2A30D1CEC0FEF00772E8E /* sesu.png */,
				3F14A6AC1CE8228C006B7DC2 /* 白色甘油皂基.png */,
				3F14A6AD1CE8228C006B7DC2 /* 侧柏.png */,
				3F14A6AE1CE8228C006B7DC2 /* 道格拉斯冷杉.png */,
				3F14A6AF1CE8228C006B7DC2 /* 丁香花蕾.png */,
				3F14A6B01CE8228C006B7DC2 /* 杜松浆果.png */,
				3F14A6B11CE8228C006B7DC2 /* 分馏椰子油.png */,
				3F14A6B21CE8228C006B7DC2 /* 佛手柑.png */,
				3F14A6B31CE8228C006B7DC2 /* 桂皮.png */,
				3F14A6B41CE8228C006B7DC2 /* 黑胡椒.png */,
				3F14A6B51CE8228C006B7DC2 /* 快乐鼠尾草.png */,
				3F14A6B61CE8228C006B7DC2 /* 罗勒.png */,
				3F14A6B71CE8228C006B7DC2 /* 玫瑰花粉.png */,
				3F14A6B81CE8228C006B7DC2 /* 柠檬.png */,
				3F14A6B91CE8228C006B7DC2 /* 肉桂皮油.png */,
				3F14A6BA1CE8228C006B7DC2 /* 乳香油.png */,
				3F14A6BB1CE8228C006B7DC2 /* 生姜油.png */,
				3F14A6BC1CE8228C006B7DC2 /* 丝柏.png */,
				3F14A6BD1CE8228C006B7DC2 /* 天竺葵油.png */,
				3F14A6BE1CE8228C006B7DC2 /* 透明甘油皂基.png */,
				3F14A6BF1CE8228C006B7DC2 /* 小豆蔻.png */,
				3F14A6C01CE8228C006B7DC2 /* 小茴香.png */,
				3F14A6C11CE8228C006B7DC2 /* 雪松.png */,
				3F14A6C21CE8228C006B7DC2 /* 薰衣草.png */,
				3F14A6C31CE8228C006B7DC2 /* 芫荽叶.png */,
				3F14A6C41CE8228C006B7DC2 /* 芫荽油.png */,
				3F14A6C51CE8228C006B7DC2 /* 依兰.png */,
				3F14A6C61CE8228C006B7DC2 /* 永久花.png */,
				3F14A6C71CE8228C006B7DC2 /* 尤加利树.png */,
				3F14A6C81CE8228C006B7DC2 /* 柚皮油.png */,
				3F14A6C91CE8228C006B7DC2 /* 紫色珠光粉.png */,
				3FF71BEF1CE6F164003886F5 /* jingyou.png */,
				3F14A7021CEA9ABB006B7DC2 /* product.png */,
			);
			name = images;
			sourceTree = "<group>";
		};
/* End PBXGroup section */

/* Begin PBXNativeTarget section */
		3F1D17101CE6A98C00E02492 /* JingyouFeiZhao */ = {
			isa = PBXNativeTarget;
			buildConfigurationList = 3F1D173E1CE6A98C00E02492 /* Build configuration list for PBXNativeTarget "JingyouFeiZhao" */;
			buildPhases = (
				3F1D170D1CE6A98C00E02492 /* Sources */,
				3F1D170E1CE6A98C00E02492 /* Frameworks */,
				3F1D170F1CE6A98C00E02492 /* Resources */,
			);
			buildRules = (
			);
			dependencies = (
			);
			name = JingyouFeiZhao;
			productName = JingyouFeiZhao;
			productReference = 3F1D17111CE6A98C00E02492 /* JingyouFeiZhao.app */;
			productType = "com.apple.product-type.application";
		};
		3F1D17291CE6A98C00E02492 /* JingyouFeiZhaoTests */ = {
			isa = PBXNativeTarget;
			buildConfigurationList = 3F1D17411CE6A98C00E02492 /* Build configuration list for PBXNativeTarget "JingyouFeiZhaoTests" */;
			buildPhases = (
				3F1D17261CE6A98C00E02492 /* Sources */,
				3F1D17271CE6A98C00E02492 /* Frameworks */,
				3F1D17281CE6A98C00E02492 /* Resources */,
			);
			buildRules = (
			);
			dependencies = (
				3F1D172C1CE6A98C00E02492 /* PBXTargetDependency */,
			);
			name = JingyouFeiZhaoTests;
			productName = JingyouFeiZhaoTests;
			productReference = 3F1D172A1CE6A98C00E02492 /* JingyouFeiZhaoTests.xctest */;
			productType = "com.apple.product-type.bundle.unit-test";
		};
		3F1D17341CE6A98C00E02492 /* JingyouFeiZhaoUITests */ = {
			isa = PBXNativeTarget;
			buildConfigurationList = 3F1D17441CE6A98C00E02492 /* Build configuration list for PBXNativeTarget "JingyouFeiZhaoUITests" */;
			buildPhases = (
				3F1D17311CE6A98C00E02492 /* Sources */,
				3F1D17321CE6A98C00E02492 /* Frameworks */,
				3F1D17331CE6A98C00E02492 /* Resources */,
			);
			buildRules = (
			);
			dependencies = (
				3F1D17371CE6A98C00E02492 /* PBXTargetDependency */,
			);
			name = JingyouFeiZhaoUITests;
			productName = JingyouFeiZhaoUITests;
			productReference = 3F1D17351CE6A98C00E02492 /* JingyouFeiZhaoUITests.xctest */;
			productType = "com.apple.product-type.bundle.ui-testing";
		};
/* End PBXNativeTarget section */

/* Begin PBXProject section */
		3F1D17091CE6A98C00E02492 /* Project object */ = {
			isa = PBXProject;
			attributes = {
				LastUpgradeCheck = 0730;
				ORGANIZATIONNAME = QingjianWu;
				TargetAttributes = {
					3F1D17101CE6A98C00E02492 = {
						CreatedOnToolsVersion = 7.3.1;
					};
					3F1D17291CE6A98C00E02492 = {
						CreatedOnToolsVersion = 7.3.1;
						TestTargetID = 3F1D17101CE6A98C00E02492;
					};
					3F1D17341CE6A98C00E02492 = {
						CreatedOnToolsVersion = 7.3.1;
						TestTargetID = 3F1D17101CE6A98C00E02492;
					};
				};
			};
			buildConfigurationList = 3F1D170C1CE6A98C00E02492 /* Build configuration list for PBXProject "JingyouFeiZhao" */;
			compatibilityVersion = "Xcode 3.2";
			developmentRegion = English;
			hasScannedForEncodings = 0;
			knownRegions = (
				en,
				Base,
			);
			mainGroup = 3F1D17081CE6A98C00E02492;
			productRefGroup = 3F1D17121CE6A98C00E02492 /* Products */;
			projectDirPath = "";
			projectRoot = "";
			targets = (
				3F1D17101CE6A98C00E02492 /* JingyouFeiZhao */,
				3F1D17291CE6A98C00E02492 /* JingyouFeiZhaoTests */,
				3F1D17341CE6A98C00E02492 /* JingyouFeiZhaoUITests */,
			);
		};
/* End PBXProject section */

/* Begin PBXResourcesBuildPhase section */
		3F1D170F1CE6A98C00E02492 /* Resources */ = {
			isa = PBXResourcesBuildPhase;
			buildActionMask = 2147483647;
			files = (
				3F14A6DA1CE8228C006B7DC2 /* 丝柏.png in Resources */,
				3F14A6DF1CE8228C006B7DC2 /* 雪松.png in Resources */,
				3FD2A3141CEC101000772E8E /* other.png in Resources */,
				3F14A6D91CE8228C006B7DC2 /* 生姜油.png in Resources */,
				3F14A6E71CE8228C006B7DC2 /* 紫色珠光粉.png in Resources */,
				3F14A7031CEA9ABB006B7DC2 /* product.png in Resources */,
				3F14A6D81CE8228C006B7DC2 /* 乳香油.png in Resources */,
				3F14A6DE1CE8228C006B7DC2 /* 小茴香.png in Resources */,
				3FD2A3101CEC0FFE00772E8E /* zaoji.png in Resources */,
				3F14A6FD1CE9895D006B7DC2 /* about.html in Resources */,
				3FD2A3161CEC101C00772E8E /* 氢氧化钠.png in Resources */,
				3F1D17241CE6A98C00E02492 /* LaunchScreen.storyboard in Resources */,
				3F5D11101CEEBA7A007DAAC4 /* SSProductTableViewCell.xib in Resources */,
				3F14A6E41CE8228C006B7DC2 /* 永久花.png in Resources */,
				3F14A6E31CE8228C006B7DC2 /* 依兰.png in Resources */,
				3F5D110B1CEE012C007DAAC4 /* SSHeaderView.xib in Resources */,
				3F14A6DB1CE8228C006B7DC2 /* 天竺葵油.png in Resources */,
				3F14A6D71CE8228C006B7DC2 /* 肉桂皮油.png in Resources */,
				3FF71BF01CE6F164003886F5 /* jingyou.png in Resources */,
				3F14A6D51CE8228C006B7DC2 /* 玫瑰花粉.png in Resources */,
				3F14A6CE1CE8228C006B7DC2 /* 杜松浆果.png in Resources */,
				3FD2A3131CEC101000772E8E /* jichuyou.png in Resources */,
				3F14A6CD1CE8228C006B7DC2 /* 丁香花蕾.png in Resources */,
				3F14A6E11CE8228C006B7DC2 /* 芫荽叶.png in Resources */,
				3F1D17481CE6AA2100E02492 /* elements.plist in Resources */,
				3F14A6CA1CE8228C006B7DC2 /* 白色甘油皂基.png in Resources */,
				3FD2A3091CEB118F00772E8E /* elements_v2.plist in Resources */,
				3F14A6DD1CE8228C006B7DC2 /* 小豆蔻.png in Resources */,
				3F14A6CF1CE8228C006B7DC2 /* 分馏椰子油.png in Resources */,
				3F14A6D11CE8228C006B7DC2 /* 桂皮.png in Resources */,
				3F14A6D01CE8228C006B7DC2 /* 佛手柑.png in Resources */,
				3F14A6E01CE8228C006B7DC2 /* 薰衣草.png in Resources */,
				3F14A6D21CE8228C006B7DC2 /* 黑胡椒.png in Resources */,
				3F1D17211CE6A98C00E02492 /* Assets.xcassets in Resources */,
				3F14A6E61CE8228C006B7DC2 /* 柚皮油.png in Resources */,
				3F14A6E51CE8228C006B7DC2 /* 尤加利树.png in Resources */,
				3F3832491CEF459E00568285 /* background.JPG in Resources */,
				3F1D171F1CE6A98C00E02492 /* Main.storyboard in Resources */,
				3FD2A3181CEC115200772E8E /* ganzhiwu.png in Resources */,
				3FD2A30E1CEC0FEF00772E8E /* sesu.png in Resources */,
				3F14A7001CEA9658006B7DC2 /* no.png in Resources */,
				3F14A6DC1CE8228C006B7DC2 /* 透明甘油皂基.png in Resources */,
				3F14A6CB1CE8228C006B7DC2 /* 侧柏.png in Resources */,
				3F14A6D31CE8228C006B7DC2 /* 快乐鼠尾草.png in Resources */,
				3F38324E1CEF4FD600568285 /* tabbarItem.png in Resources */,
				3F14A7051CEA9FA9006B7DC2 /* product2929.png in Resources */,
				3F14A6D41CE8228C006B7DC2 /* 罗勒.png in Resources */,
				3F3ED8551CECB5E600E7168F /* SSQRCodeView.xib in Resources */,
				3F3832471CEF44F000568285 /* start.png in Resources */,
				3F14A6CC1CE8228C006B7DC2 /* 道格拉斯冷杉.png in Resources */,
				3F14A6EF1CE9672F006B7DC2 /* flash.jpg in Resources */,
				3FD2A31B1CEC456A00772E8E /* Empty.xib in Resources */,
				3F14A6D61CE8228C006B7DC2 /* 柠檬.png in Resources */,
				3F14A6FB1CE97A70006B7DC2 /* contact.png in Resources */,
				3F14A6E21CE8228C006B7DC2 /* 芫荽油.png in Resources */,
				3F14A7011CEA9658006B7DC2 /* yes.png in Resources */,
			);
			runOnlyForDeploymentPostprocessing = 0;
		};
		3F1D17281CE6A98C00E02492 /* Resources */ = {
			isa = PBXResourcesBuildPhase;
			buildActionMask = 2147483647;
			files = (
			);
			runOnlyForDeploymentPostprocessing = 0;
		};
		3F1D17331CE6A98C00E02492 /* Resources */ = {
			isa = PBXResourcesBuildPhase;
			buildActionMask = 2147483647;
			files = (
			);
			runOnlyForDeploymentPostprocessing = 0;
		};
/* End PBXResourcesBuildPhase section */

/* Begin PBXSourcesBuildPhase section */
		3F1D170D1CE6A98C00E02492 /* Sources */ = {
			isa = PBXSourcesBuildPhase;
			buildActionMask = 2147483647;
			files = (
				3FD2A30C1CEC00F100772E8E /* SSMakeStepsCollectionViewController.m in Sources */,
				3F1D17511CE6B1CC00E02492 /* SSElement.m in Sources */,
				3F14A6A51CE71DEE006B7DC2 /* SSElementSelectionCollectionViewController.m in Sources */,
				3F14A6F91CE97310006B7DC2 /* SSAboutViewController.m in Sources */,
				3F14A6A21CE70FF4006B7DC2 /* SSElementCollectionViewController.m in Sources */,
				3F38324C1CEF4AF300568285 /* SSWelcomeViewController.m in Sources */,
				3FD2A3231CEC502100772E8E /* SSQRcodeReaderViewController.m in Sources */,
				3F3ED8581CECB76D00E7168F /* SSQRCodeView.m in Sources */,
				3F1D174E1CE6B05500E02492 /* SSProduct.m in Sources */,
				3FD2A31E1CEC462300772E8E /* SSButtonBase.m in Sources */,
				3F5D110E1CEE01D9007DAAC4 /* SSHeaderView.m in Sources */,
				3F1D17191CE6A98C00E02492 /* AppDelegate.m in Sources */,
				3F1D17161CE6A98C00E02492 /* main.m in Sources */,
				3F14A6AB1CE819A8006B7DC2 /* AppDelegate+plistDatabase.m in Sources */,
				3F3ED8501CECA7A100E7168F /* SSQRCode.m in Sources */,
				3FF71BEE1CE6EA4A003886F5 /* SSProductDetailTableViewController.m in Sources */,
				3F1D174B1CE6B01E00E02492 /* SSProductTableViewController.m in Sources */,
				3F14A6A81CE77522006B7DC2 /* SSElementSelectViewController.m in Sources */,
				3F5D11131CEEBA93007DAAC4 /* SSProductTableViewCell.m in Sources */,
				3F14A6ED1CE8B17C006B7DC2 /* SSElementAddViewController.m in Sources */,
			);
			runOnlyForDeploymentPostprocessing = 0;
		};
		3F1D17261CE6A98C00E02492 /* Sources */ = {
			isa = PBXSourcesBuildPhase;
			buildActionMask = 2147483647;
			files = (
				3F1D172F1CE6A98C00E02492 /* JingyouFeiZhaoTests.m in Sources */,
			);
			runOnlyForDeploymentPostprocessing = 0;
		};
		3F1D17311CE6A98C00E02492 /* Sources */ = {
			isa = PBXSourcesBuildPhase;
			buildActionMask = 2147483647;
			files = (
				3F1D173A1CE6A98C00E02492 /* JingyouFeiZhaoUITests.m in Sources */,
			);
			runOnlyForDeploymentPostprocessing = 0;
		};
/* End PBXSourcesBuildPhase section */

/* Begin PBXTargetDependency section */
		3F1D172C1CE6A98C00E02492 /* PBXTargetDependency */ = {
			isa = PBXTargetDependency;
			target = 3F1D17101CE6A98C00E02492 /* JingyouFeiZhao */;
			targetProxy = 3F1D172B1CE6A98C00E02492 /* PBXContainerItemProxy */;
		};
		3F1D17371CE6A98C00E02492 /* PBXTargetDependency */ = {
			isa = PBXTargetDependency;
			target = 3F1D17101CE6A98C00E02492 /* JingyouFeiZhao */;
			targetProxy = 3F1D17361CE6A98C00E02492 /* PBXContainerItemProxy */;
		};
/* End PBXTargetDependency section */

/* Begin PBXVariantGroup section */
		3F1D171D1CE6A98C00E02492 /* Main.storyboard */ = {
			isa = PBXVariantGroup;
			children = (
				3F1D171E1CE6A98C00E02492 /* Base */,
			);
			name = Main.storyboard;
			sourceTree = "<group>";
		};
		3F1D17221CE6A98C00E02492 /* LaunchScreen.storyboard */ = {
			isa = PBXVariantGroup;
			children = (
				3F1D17231CE6A98C00E02492 /* Base */,
			);
			name = LaunchScreen.storyboard;
			sourceTree = "<group>";
		};
/* End PBXVariantGroup section */

/* Begin XCBuildConfiguration section */
		3F1D173C1CE6A98C00E02492 /* Debug */ = {
			isa = XCBuildConfiguration;
			buildSettings = {
				ALWAYS_SEARCH_USER_PATHS = NO;
				CLANG_ANALYZER_NONNULL = YES;
				CLANG_CXX_LANGUAGE_STANDARD = "gnu++0x";
				CLANG_CXX_LIBRARY = "libc++";
				CLANG_ENABLE_MODULES = YES;
				CLANG_ENABLE_OBJC_ARC = YES;
				CLANG_WARN_BOOL_CONVERSION = YES;
				CLANG_WARN_CONSTANT_CONVERSION = YES;
				CLANG_WARN_DIRECT_OBJC_ISA_USAGE = YES_ERROR;
				CLANG_WARN_EMPTY_BODY = YES;
				CLANG_WARN_ENUM_CONVERSION = YES;
				CLANG_WARN_INT_CONVERSION = YES;
				CLANG_WARN_OBJC_ROOT_CLASS = YES_ERROR;
				CLANG_WARN_UNREACHABLE_CODE = YES;
				CLANG_WARN__DUPLICATE_METHOD_MATCH = YES;
				"CODE_SIGN_IDENTITY[sdk=iphoneos*]" = "iPhone Developer";
				COPY_PHASE_STRIP = NO;
				DEBUG_INFORMATION_FORMAT = dwarf;
				ENABLE_STRICT_OBJC_MSGSEND = YES;
				ENABLE_TESTABILITY = YES;
				GCC_C_LANGUAGE_STANDARD = gnu99;
				GCC_DYNAMIC_NO_PIC = NO;
				GCC_NO_COMMON_BLOCKS = YES;
				GCC_OPTIMIZATION_LEVEL = 0;
				GCC_PREPROCESSOR_DEFINITIONS = (
					"DEBUG=1",
					"$(inherited)",
				);
				GCC_WARN_64_TO_32_BIT_CONVERSION = YES;
				GCC_WARN_ABOUT_RETURN_TYPE = YES_ERROR;
				GCC_WARN_UNDECLARED_SELECTOR = YES;
				GCC_WARN_UNINITIALIZED_AUTOS = YES_AGGRESSIVE;
				GCC_WARN_UNUSED_FUNCTION = YES;
				GCC_WARN_UNUSED_VARIABLE = YES;
				IPHONEOS_DEPLOYMENT_TARGET = 9.3;
				MTL_ENABLE_DEBUG_INFO = YES;
				ONLY_ACTIVE_ARCH = YES;
				SDKROOT = iphoneos;
			};
			name = Debug;
		};
		3F1D173D1CE6A98C00E02492 /* Release */ = {
			isa = XCBuildConfiguration;
			buildSettings = {
				ALWAYS_SEARCH_USER_PATHS = NO;
				CLANG_ANALYZER_NONNULL = YES;
				CLANG_CXX_LANGUAGE_STANDARD = "gnu++0x";
				CLANG_CXX_LIBRARY = "libc++";
				CLANG_ENABLE_MODULES = YES;
				CLANG_ENABLE_OBJC_ARC = YES;
				CLANG_WARN_BOOL_CONVERSION = YES;
				CLANG_WARN_CONSTANT_CONVERSION = YES;
				CLANG_WARN_DIRECT_OBJC_ISA_USAGE = YES_ERROR;
				CLANG_WARN_EMPTY_BODY = YES;
				CLANG_WARN_ENUM_CONVERSION = YES;
				CLANG_WARN_INT_CONVERSION = YES;
				CLANG_WARN_OBJC_ROOT_CLASS = YES_ERROR;
				CLANG_WARN_UNREACHABLE_CODE = YES;
				CLANG_WARN__DUPLICATE_METHOD_MATCH = YES;
				"CODE_SIGN_IDENTITY[sdk=iphoneos*]" = "iPhone Developer";
				COPY_PHASE_STRIP = NO;
				DEBUG_INFORMATION_FORMAT = "dwarf-with-dsym";
				ENABLE_NS_ASSERTIONS = NO;
				ENABLE_STRICT_OBJC_MSGSEND = YES;
				GCC_C_LANGUAGE_STANDARD = gnu99;
				GCC_NO_COMMON_BLOCKS = YES;
				GCC_WARN_64_TO_32_BIT_CONVERSION = YES;
				GCC_WARN_ABOUT_RETURN_TYPE = YES_ERROR;
				GCC_WARN_UNDECLARED_SELECTOR = YES;
				GCC_WARN_UNINITIALIZED_AUTOS = YES_AGGRESSIVE;
				GCC_WARN_UNUSED_FUNCTION = YES;
				GCC_WARN_UNUSED_VARIABLE = YES;
				IPHONEOS_DEPLOYMENT_TARGET = 9.3;
				MTL_ENABLE_DEBUG_INFO = NO;
				SDKROOT = iphoneos;
				VALIDATE_PRODUCT = YES;
			};
			name = Release;
		};
		3F1D173F1CE6A98C00E02492 /* Debug */ = {
			isa = XCBuildConfiguration;
			buildSettings = {
				ASSETCATALOG_COMPILER_APPICON_NAME = AppIcon;
				INFOPLIST_FILE = JingyouFeiZhao/Info.plist;
				IPHONEOS_DEPLOYMENT_TARGET = 8.0;
				LD_RUNPATH_SEARCH_PATHS = "$(inherited) @executable_path/Frameworks";
				PRODUCT_BUNDLE_IDENTIFIER = com.QingjianWu.JingyouFeiZhao;
				PRODUCT_NAME = "$(TARGET_NAME)";
			};
			name = Debug;
		};
		3F1D17401CE6A98C00E02492 /* Release */ = {
			isa = XCBuildConfiguration;
			buildSettings = {
				ASSETCATALOG_COMPILER_APPICON_NAME = AppIcon;
				INFOPLIST_FILE = JingyouFeiZhao/Info.plist;
				IPHONEOS_DEPLOYMENT_TARGET = 8.0;
				LD_RUNPATH_SEARCH_PATHS = "$(inherited) @executable_path/Frameworks";
				PRODUCT_BUNDLE_IDENTIFIER = com.QingjianWu.JingyouFeiZhao;
				PRODUCT_NAME = "$(TARGET_NAME)";
			};
			name = Release;
		};
		3F1D17421CE6A98C00E02492 /* Debug */ = {
			isa = XCBuildConfiguration;
			buildSettings = {
				BUNDLE_LOADER = "$(TEST_HOST)";
				INFOPLIST_FILE = JingyouFeiZhaoTests/Info.plist;
				LD_RUNPATH_SEARCH_PATHS = "$(inherited) @executable_path/Frameworks @loader_path/Frameworks";
				PRODUCT_BUNDLE_IDENTIFIER = com.QingjianWu.JingyouFeiZhaoTests;
				PRODUCT_NAME = "$(TARGET_NAME)";
				TEST_HOST = "$(BUILT_PRODUCTS_DIR)/JingyouFeiZhao.app/JingyouFeiZhao";
			};
			name = Debug;
		};
		3F1D17431CE6A98C00E02492 /* Release */ = {
			isa = XCBuildConfiguration;
			buildSettings = {
				BUNDLE_LOADER = "$(TEST_HOST)";
				INFOPLIST_FILE = JingyouFeiZhaoTests/Info.plist;
				LD_RUNPATH_SEARCH_PATHS = "$(inherited) @executable_path/Frameworks @loader_path/Frameworks";
				PRODUCT_BUNDLE_IDENTIFIER = com.QingjianWu.JingyouFeiZhaoTests;
				PRODUCT_NAME = "$(TARGET_NAME)";
				TEST_HOST = "$(BUILT_PRODUCTS_DIR)/JingyouFeiZhao.app/JingyouFeiZhao";
			};
			name = Release;
		};
		3F1D17451CE6A98C00E02492 /* Debug */ = {
			isa = XCBuildConfiguration;
			buildSettings = {
				INFOPLIST_FILE = JingyouFeiZhaoUITests/Info.plist;
				LD_RUNPATH_SEARCH_PATHS = "$(inherited) @executable_path/Frameworks @loader_path/Frameworks";
				PRODUCT_BUNDLE_IDENTIFIER = com.QingjianWu.JingyouFeiZhaoUITests;
				PRODUCT_NAME = "$(TARGET_NAME)";
				TEST_TARGET_NAME = JingyouFeiZhao;
			};
			name = Debug;
		};
		3F1D17461CE6A98C00E02492 /* Release */ = {
			isa = XCBuildConfiguration;
			buildSettings = {
				INFOPLIST_FILE = JingyouFeiZhaoUITests/Info.plist;
				LD_RUNPATH_SEARCH_PATHS = "$(inherited) @executable_path/Frameworks @loader_path/Frameworks";
				PRODUCT_BUNDLE_IDENTIFIER = com.QingjianWu.JingyouFeiZhaoUITests;
				PRODUCT_NAME = "$(TARGET_NAME)";
				TEST_TARGET_NAME = JingyouFeiZhao;
			};
			name = Release;
		};
/* End XCBuildConfiguration section */

/* Begin XCConfigurationList section */
		3F1D170C1CE6A98C00E02492 /* Build configuration list for PBXProject "JingyouFeiZhao" */ = {
			isa = XCConfigurationList;
			buildConfigurations = (
				3F1D173C1CE6A98C00E02492 /* Debug */,
				3F1D173D1CE6A98C00E02492 /* Release */,
			);
			defaultConfigurationIsVisible = 0;
			defaultConfigurationName = Release;
		};
		3F1D173E1CE6A98C00E02492 /* Build configuration list for PBXNativeTarget "JingyouFeiZhao" */ = {
			isa = XCConfigurationList;
			buildConfigurations = (
				3F1D173F1CE6A98C00E02492 /* Debug */,
				3F1D17401CE6A98C00E02492 /* Release */,
			);
			defaultConfigurationIsVisible = 0;
			defaultConfigurationName = Release;
		};
		3F1D17411CE6A98C00E02492 /* Build configuration list for PBXNativeTarget "JingyouFeiZhaoTests" */ = {
			isa = XCConfigurationList;
			buildConfigurations = (
				3F1D17421CE6A98C00E02492 /* Debug */,
				3F1D17431CE6A98C00E02492 /* Release */,
			);
			defaultConfigurationIsVisible = 0;
			defaultConfigurationName = Release;
		};
		3F1D17441CE6A98C00E02492 /* Build configuration list for PBXNativeTarget "JingyouFeiZhaoUITests" */ = {
			isa = XCConfigurationList;
			buildConfigurations = (
				3F1D17451CE6A98C00E02492 /* Debug */,
				3F1D17461CE6A98C00E02492 /* Release */,
			);
			defaultConfigurationIsVisible = 0;
			defaultConfigurationName = Release;
		};
/* End XCConfigurationList section */
	};
	rootObject = 3F1D17091CE6A98C00E02492 /* Project object */;
}
